// !$*UTF8*$!
{
	archiveVersion = 1;
	classes = {
	};
	objectVersion = 46;
	objects = {

/* Begin PBXBuildFile section */
		FE56557A1DB7AEF9007109A5 /* AppDelegate.swift in Sources */ = {isa = PBXBuildFile; fileRef = FE5655791DB7AEF9007109A5 /* AppDelegate.swift */; };
		FE56557C1DB7AEF9007109A5 /* ViewController.swift in Sources */ = {isa = PBXBuildFile; fileRef = FE56557B1DB7AEF9007109A5 /* ViewController.swift */; };
		FE56557F1DB7AEF9007109A5 /* Main.storyboard in Resources */ = {isa = PBXBuildFile; fileRef = FE56557D1DB7AEF9007109A5 /* Main.storyboard */; };
		FE5655821DB7AEF9007109A5 /* Layout_Project.xcdatamodeld in Sources */ = {isa = PBXBuildFile; fileRef = FE5655801DB7AEF9007109A5 /* Layout_Project.xcdatamodeld */; };
		FE5655841DB7AEF9007109A5 /* Assets.xcassets in Resources */ = {isa = PBXBuildFile; fileRef = FE5655831DB7AEF9007109A5 /* Assets.xcassets */; };
		FE5655871DB7AEF9007109A5 /* LaunchScreen.storyboard in Resources */ = {isa = PBXBuildFile; fileRef = FE5655851DB7AEF9007109A5 /* LaunchScreen.storyboard */; };
		FE5655921DB7AEF9007109A5 /* Layout_ProjectTests.swift in Sources */ = {isa = PBXBuildFile; fileRef = FE5655911DB7AEF9007109A5 /* Layout_ProjectTests.swift */; };
/* End PBXBuildFile section */

/* Begin PBXContainerItemProxy section */
		FE56558E1DB7AEF9007109A5 /* PBXContainerItemProxy */ = {
			isa = PBXContainerItemProxy;
			containerPortal = FE56556E1DB7AEF9007109A5 /* Project object */;
			proxyType = 1;
			remoteGlobalIDString = FE5655751DB7AEF9007109A5;
			remoteInfo = "Layout Project";
		};
/* End PBXContainerItemProxy section */

/* Begin PBXFileReference section */
		FE5655761DB7AEF9007109A5 /* Layout Project.app */ = {isa = PBXFileReference; explicitFileType = wrapper.application; includeInIndex = 0; path = "Layout Project.app"; sourceTree = BUILT_PRODUCTS_DIR; };
		FE5655791DB7AEF9007109A5 /* AppDelegate.swift */ = {isa = PBXFileReference; lastKnownFileType = sourcecode.swift; path = AppDelegate.swift; sourceTree = "<group>"; };
		FE56557B1DB7AEF9007109A5 /* ViewController.swift */ = {isa = PBXFileReference; lastKnownFileType = sourcecode.swift; path = ViewController.swift; sourceTree = "<group>"; };
		FE56557E1DB7AEF9007109A5 /* Base */ = {isa = PBXFileReference; lastKnownFileType = file.storyboard; name = Base; path = Base.lproj/Main.storyboard; sourceTree = "<group>"; };
		FE5655811DB7AEF9007109A5 /* Layout_Project.xcdatamodel */ = {isa = PBXFileReference; lastKnownFileType = wrapper.xcdatamodel; path = Layout_Project.xcdatamodel; sourceTree = "<group>"; };
		FE5655831DB7AEF9007109A5 /* Assets.xcassets */ = {isa = PBXFileReference; lastKnownFileType = folder.assetcatalog; path = Assets.xcassets; sourceTree = "<group>"; };
		FE5655861DB7AEF9007109A5 /* Base */ = {isa = PBXFileReference; lastKnownFileType = file.storyboard; name = Base; path = Base.lproj/LaunchScreen.storyboard; sourceTree = "<group>"; };
		FE5655881DB7AEF9007109A5 /* Info.plist */ = {isa = PBXFileReference; lastKnownFileType = text.plist.xml; path = Info.plist; sourceTree = "<group>"; };
		FE56558D1DB7AEF9007109A5 /* Layout ProjectTests.xctest */ = {isa = PBXFileReference; explicitFileType = wrapper.cfbundle; includeInIndex = 0; path = "Layout ProjectTests.xctest"; sourceTree = BUILT_PRODUCTS_DIR; };
		FE5655911DB7AEF9007109A5 /* Layout_ProjectTests.swift */ = {isa = PBXFileReference; lastKnownFileType = sourcecode.swift; path = Layout_ProjectTests.swift; sourceTree = "<group>"; };
		FE5655931DB7AEF9007109A5 /* Info.plist */ = {isa = PBXFileReference; lastKnownFileType = text.plist.xml; path = Info.plist; sourceTree = "<group>"; };
/* End PBXFileReference section */

/* Begin PBXFrameworksBuildPhase section */
		FE5655731DB7AEF9007109A5 /* Frameworks */ = {
			isa = PBXFrameworksBuildPhase;
			buildActionMask = 2147483647;
			files = (
			);
			runOnlyForDeploymentPostprocessing = 0;
		};
		FE56558A1DB7AEF9007109A5 /* Frameworks */ = {
			isa = PBXFrameworksBuildPhase;
			buildActionMask = 2147483647;
			files = (
			);
			runOnlyForDeploymentPostprocessing = 0;
		};
/* End PBXFrameworksBuildPhase section */

/* Begin PBXGroup section */
		FE56556D1DB7AEF9007109A5 = {
			isa = PBXGroup;
			children = (
				FE5655781DB7AEF9007109A5 /* Layout Project */,
				FE5655901DB7AEF9007109A5 /* Layout ProjectTests */,
				FE5655771DB7AEF9007109A5 /* Products */,
			);
			sourceTree = "<group>";
		};
		FE5655771DB7AEF9007109A5 /* Products */ = {
			isa = PBXGroup;
			children = (
				FE5655761DB7AEF9007109A5 /* Layout Project.app */,
				FE56558D1DB7AEF9007109A5 /* Layout ProjectTests.xctest */,
			);
			name = Products;
			sourceTree = "<group>";
		};
		FE5655781DB7AEF9007109A5 /* Layout Project */ = {
			isa = PBXGroup;
			children = (
				FE5655791DB7AEF9007109A5 /* AppDelegate.swift */,
				FE56557B1DB7AEF9007109A5 /* ViewController.swift */,
				FE56557D1DB7AEF9007109A5 /* Main.storyboard */,
				FE5655831DB7AEF9007109A5 /* Assets.xcassets */,
				FE5655851DB7AEF9007109A5 /* LaunchScreen.storyboard */,
				FE5655881DB7AEF9007109A5 /* Info.plist */,
				FE5655801DB7AEF9007109A5 /* Layout_Project.xcdatamodeld */,
			);
			path = "Layout Project";
			sourceTree = "<group>";
		};
		FE5655901DB7AEF9007109A5 /* Layout ProjectTests */ = {
			isa = PBXGroup;
			children = (
				FE5655911DB7AEF9007109A5 /* Layout_ProjectTests.swift */,
				FE5655931DB7AEF9007109A5 /* Info.plist */,
			);
			path = "Layout ProjectTests";
			sourceTree = "<group>";
		};
/* End PBXGroup section */

/* Begin PBXNativeTarget section */
		FE5655751DB7AEF9007109A5 /* Layout Project */ = {
			isa = PBXNativeTarget;
			buildConfigurationList = FE5655961DB7AEF9007109A5 /* Build configuration list for PBXNativeTarget "Layout Project" */;
			buildPhases = (
				FE5655721DB7AEF9007109A5 /* Sources */,
				FE5655731DB7AEF9007109A5 /* Frameworks */,
				FE5655741DB7AEF9007109A5 /* Resources */,
			);
			buildRules = (
			);
			dependencies = (
			);
			name = "Layout Project";
			productName = "Layout Project";
			productReference = FE5655761DB7AEF9007109A5 /* Layout Project.app */;
			productType = "com.apple.product-type.application";
		};
		FE56558C1DB7AEF9007109A5 /* Layout ProjectTests */ = {
			isa = PBXNativeTarget;
			buildConfigurationList = FE5655991DB7AEF9007109A5 /* Build configuration list for PBXNativeTarget "Layout ProjectTests" */;
			buildPhases = (
				FE5655891DB7AEF9007109A5 /* Sources */,
				FE56558A1DB7AEF9007109A5 /* Frameworks */,
				FE56558B1DB7AEF9007109A5 /* Resources */,
			);
			buildRules = (
			);
			dependencies = (
				FE56558F1DB7AEF9007109A5 /* PBXTargetDependency */,
			);
			name = "Layout ProjectTests";
			productName = "Layout ProjectTests";
			productReference = FE56558D1DB7AEF9007109A5 /* Layout ProjectTests.xctest */;
			productType = "com.apple.product-type.bundle.unit-test";
		};
/* End PBXNativeTarget section */

/* Begin PBXProject section */
		FE56556E1DB7AEF9007109A5 /* Project object */ = {
			isa = PBXProject;
			attributes = {
				LastSwiftUpdateCheck = 0720;
				LastUpgradeCheck = 0720;
				ORGANIZATIONNAME = "Nazir, Ammar";
				TargetAttributes = {
					FE5655751DB7AEF9007109A5 = {
						CreatedOnToolsVersion = 7.2;
					};
					FE56558C1DB7AEF9007109A5 = {
						CreatedOnToolsVersion = 7.2;
						TestTargetID = FE5655751DB7AEF9007109A5;
					};
				};
			};
			buildConfigurationList = FE5655711DB7AEF9007109A5 /* Build configuration list for PBXProject "Layout Project" */;
			compatibilityVersion = "Xcode 3.2";
			developmentRegion = English;
			hasScannedForEncodings = 0;
			knownRegions = (
				en,
				Base,
			);
			mainGroup = FE56556D1DB7AEF9007109A5;
			productRefGroup = FE5655771DB7AEF9007109A5 /* Products */;
			projectDirPath = "";
			projectRoot = "";
			targets = (
				FE5655751DB7AEF9007109A5 /* Layout Project */,
				FE56558C1DB7AEF9007109A5 /* Layout ProjectTests */,
			);
		};
/* End PBXProject section */

/* Begin PBXResourcesBuildPhase section */
		FE5655741DB7AEF9007109A5 /* Resources */ = {
			isa = PBXResourcesBuildPhase;
			buildActionMask = 2147483647;
			files = (
				FE5655871DB7AEF9007109A5 /* LaunchScreen.storyboard in Resources */,
				FE5655841DB7AEF9007109A5 /* Assets.xcassets in Resources */,
				FE56557F1DB7AEF9007109A5 /* Main.storyboard in Resources */,
			);
			runOnlyForDeploymentPostprocessing = 0;
		};
		FE56558B1DB7AEF9007109A5 /* Resources */ = {
			isa = PBXResourcesBuildPhase;
			buildActionMask = 2147483647;
			files = (
			);
			runOnlyForDeploymentPostprocessing = 0;
		};
/* End PBXResourcesBuildPhase section */

/* Begin PBXSourcesBuildPhase section */
		FE5655721DB7AEF9007109A5 /* Sources */ = {
			isa = PBXSourcesBuildPhase;
			buildActionMask = 2147483647;
			files = (
				FE56557C1DB7AEF9007109A5 /* ViewController.swift in Sources */,
				FE5655821DB7AEF9007109A5 /* Layout_Project.xcdatamodeld in Sources */,
				FE56557A1DB7AEF9007109A5 /* AppDelegate.swift in Sources */,
			);
			runOnlyForDeploymentPostprocessing = 0;
		};
		FE5655891DB7AEF9007109A5 /* Sources */ = {
			isa = PBXSourcesBuildPhase;
			buildActionMask = 2147483647;
			files = (
				FE5655921DB7AEF9007109A5 /* Layout_ProjectTests.swift in Sources */,
			);
			runOnlyForDeploymentPostprocessing = 0;
		};
/* End PBXSourcesBuildPhase section */

/* Begin PBXTargetDependency section */
		FE56558F1DB7AEF9007109A5 /* PBXTargetDependency */ = {
			isa = PBXTargetDependency;
			target = FE5655751DB7AEF9007109A5 /* Layout Project */;
			targetProxy = FE56558E1DB7AEF9007109A5 /* PBXContainerItemProxy */;
		};
/* End PBXTargetDependency section */

/* Begin PBXVariantGroup section */
		FE56557D1DB7AEF9007109A5 /* Main.storyboard */ = {
			isa = PBXVariantGroup;
			children = (
				FE56557E1DB7AEF9007109A5 /* Base */,
			);
			name = Main.storyboard;
			sourceTree = "<group>";
		};
		FE5655851DB7AEF9007109A5 /* LaunchScreen.storyboard */ = {
			isa = PBXVariantGroup;
			children = (
				FE5655861DB7AEF9007109A5 /* Base */,
			);
			name = LaunchScreen.storyboard;
			sourceTree = "<group>";
		};
/* End PBXVariantGroup section */

/* Begin XCBuildConfiguration section */
		FE5655941DB7AEF9007109A5 /* Debug */ = {
			isa = XCBuildConfiguration;
			buildSettings = {
				ALWAYS_SEARCH_USER_PATHS = NO;
				CLANG_CXX_LANGUAGE_STANDARD = "gnu++0x";
				CLANG_CXX_LIBRARY = "libc++";
				CLANG_ENABLE_MODULES = YES;
				CLANG_ENABLE_OBJC_ARC = YES;
				CLANG_WARN_BOOL_CONVERSION = YES;
				CLANG_WARN_CONSTANT_CONVERSION = YES;
				CLANG_WARN_DIRECT_OBJC_ISA_USAGE = YES_ERROR;
				CLANG_WARN_EMPTY_BODY = YES;
				CLANG_WARN_ENUM_CONVERSION = YES;
				CLANG_WARN_INT_CONVERSION = YES;
				CLANG_WARN_OBJC_ROOT_CLASS = YES_ERROR;
				CLANG_WARN_UNREACHABLE_CODE = YES;
				CLANG_WARN__DUPLICATE_METHOD_MATCH = YES;
				"CODE_SIGN_IDENTITY[sdk=iphoneos*]" = "iPhone Developer";
				COPY_PHASE_STRIP = NO;
				DEBUG_INFORMATION_FORMAT = dwarf;
				ENABLE_STRICT_OBJC_MSGSEND = YES;
				ENABLE_TESTABILITY = YES;
				GCC_C_LANGUAGE_STANDARD = gnu99;
				GCC_DYNAMIC_NO_PIC = NO;
				GCC_NO_COMMON_BLOCKS = YES;
				GCC_OPTIMIZATION_LEVEL = 0;
				GCC_PREPROCESSOR_DEFINITIONS = (
					"DEBUG=1",
					"$(inherited)",
				);
				GCC_WARN_64_TO_32_BIT_CONVERSION = YES;
				GCC_WARN_ABOUT_RETURN_TYPE = YES_ERROR;
				GCC_WARN_UNDECLARED_SELECTOR = YES;
				GCC_WARN_UNINITIALIZED_AUTOS = YES_AGGRESSIVE;
				GCC_WARN_UNUSED_FUNCTION = YES;
				GCC_WARN_UNUSED_VARIABLE = YES;
				IPHONEOS_DEPLOYMENT_TARGET = 9.2;
				MTL_ENABLE_DEBUG_INFO = YES;
				ONLY_ACTIVE_ARCH = YES;
				SDKROOT = iphoneos;
				SWIFT_OPTIMIZATION_LEVEL = "-Onone";
				TARGETED_DEVICE_FAMILY = "1,2";
			};
			name = Debug;
		};
		FE5655951DB7AEF9007109A5 /* Release */ = {
			isa = XCBuildConfiguration;
			buildSettings = {
				ALWAYS_SEARCH_USER_PATHS = NO;
				CLANG_CXX_LANGUAGE_STANDARD = "gnu++0x";
				CLANG_CXX_LIBRARY = "libc++";
				CLANG_ENABLE_MODULES = YES;
				CLANG_ENABLE_OBJC_ARC = YES;
				CLANG_WARN_BOOL_CONVERSION = YES;
				CLANG_WARN_CONSTANT_CONVERSION = YES;
				CLANG_WARN_DIRECT_OBJC_ISA_USAGE = YES_ERROR;
				CLANG_WARN_EMPTY_BODY = YES;
				CLANG_WARN_ENUM_CONVERSION = YES;
				CLANG_WARN_INT_CONVERSION = YES;
				CLANG_WARN_OBJC_ROOT_CLASS = YES_ERROR;
				CLANG_WARN_UNREACHABLE_CODE = YES;
				CLANG_WARN__DUPLICATE_METHOD_MATCH = YES;
				"CODE_SIGN_IDENTITY[sdk=iphoneos*]" = "iPhone Developer";
				COPY_PHASE_STRIP = NO;
				DEBUG_INFORMATION_FORMAT = "dwarf-with-dsym";
				ENABLE_NS_ASSERTIONS = NO;
				ENABLE_STRICT_OBJC_MSGSEND = YES;
				GCC_C_LANGUAGE_STANDARD = gnu99;
				GCC_NO_COMMON_BLOCKS = YES;
				GCC_WARN_64_TO_32_BIT_CONVERSION = YES;
				GCC_WARN_ABOUT_RETURN_TYPE = YES_ERROR;
				GCC_WARN_UNDECLARED_SELECTOR = YES;
				GCC_WARN_UNINITIALIZED_AUTOS = YES_AGGRESSIVE;
				GCC_WARN_UNUSED_FUNCTION = YES;
				GCC_WARN_UNUSED_VARIABLE = YES;
				IPHONEOS_DEPLOYMENT_TARGET = 9.2;
				MTL_ENABLE_DEBUG_INFO = NO;
				SDKROOT = iphoneos;
				TARGETED_DEVICE_FAMILY = "1,2";
				VALIDATE_PRODUCT = YES;
			};
			name = Release;
		};
		FE5655971DB7AEF9007109A5 /* Debug */ = {
			isa = XCBuildConfiguration;
			buildSettings = {
				ASSETCATALOG_COMPILER_APPICON_NAME = AppIcon;
				INFOPLIST_FILE = "Layout Project/Info.plist";
				LD_RUNPATH_SEARCH_PATHS = "$(inherited) @executable_path/Frameworks";
				PRODUCT_BUNDLE_IDENTIFIER = "Nazir--Ammar.Layout-Project";
				PRODUCT_NAME = "$(TARGET_NAME)";
			};
			name = Debug;
		};
		FE5655981DB7AEF9007109A5 /* Release */ = {
			isa = XCBuildConfiguration;
			buildSettings = {
				ASSETCATALOG_COMPILER_APPICON_NAME = AppIcon;
				INFOPLIST_FILE = "Layout Project/Info.plist";
				LD_RUNPATH_SEARCH_PATHS = "$(inherited) @executable_path/Frameworks";
				PRODUCT_BUNDLE_IDENTIFIER = "Nazir--Ammar.Layout-Project";
				PRODUCT_NAME = "$(TARGET_NAME)";
			};
			name = Release;
		};
		FE56559A1DB7AEF9007109A5 /* Debug */ = {
			isa = XCBuildConfiguration;
			buildSettings = {
				BUNDLE_LOADER = "$(TEST_HOST)";
				INFOPLIST_FILE = "Layout ProjectTests/Info.plist";
				LD_RUNPATH_SEARCH_PATHS = "$(inherited) @executable_path/Frameworks @loader_path/Frameworks";
				PRODUCT_BUNDLE_IDENTIFIER = "Nazir--Ammar.Layout-ProjectTests";
				PRODUCT_NAME = "$(TARGET_NAME)";
				TEST_HOST = "$(BUILT_PRODUCTS_DIR)/Layout Project.app/Layout Project";
			};
			name = Debug;
		};
		FE56559B1DB7AEF9007109A5 /* Release */ = {
			isa = XCBuildConfiguration;
			buildSettings = {
				BUNDLE_LOADER = "$(TEST_HOST)";
				INFOPLIST_FILE = "Layout ProjectTests/Info.plist";
				LD_RUNPATH_SEARCH_PATHS = "$(inherited) @executable_path/Frameworks @loader_path/Frameworks";
				PRODUCT_BUNDLE_IDENTIFIER = "Nazir--Ammar.Layout-ProjectTests";
				PRODUCT_NAME = "$(TARGET_NAME)";
				TEST_HOST = "$(BUILT_PRODUCTS_DIR)/Layout Project.app/Layout Project";
			};
			name = Release;
		};
/* End XCBuildConfiguration section */

/* Begin XCConfigurationList section */
		FE5655711DB7AEF9007109A5 /* Build configuration list for PBXProject "Layout Project" */ = {
			isa = XCConfigurationList;
			buildConfigurations = (
				FE5655941DB7AEF9007109A5 /* Debug */,
				FE5655951DB7AEF9007109A5 /* Release */,
			);
			defaultConfigurationIsVisible = 0;
			defaultConfigurationName = Release;
		};
		FE5655961DB7AEF9007109A5 /* Build configuration list for PBXNativeTarget "Layout Project" */ = {
			isa = XCConfigurationList;
			buildConfigurations = (
				FE5655971DB7AEF9007109A5 /* Debug */,
				FE5655981DB7AEF9007109A5 /* Release */,
			);
			defaultConfigurationIsVisible = 0;
		};
		FE5655991DB7AEF9007109A5 /* Build configuration list for PBXNativeTarget "Layout ProjectTests" */ = {
			isa = XCConfigurationList;
			buildConfigurations = (
				FE56559A1DB7AEF9007109A5 /* Debug */,
				FE56559B1DB7AEF9007109A5 /* Release */,
			);
			defaultConfigurationIsVisible = 0;
		};
/* End XCConfigurationList section */

/* Begin XCVersionGroup section */
		FE5655801DB7AEF9007109A5 /* Layout_Project.xcdatamodeld */ = {
			isa = XCVersionGroup;
			children = (
				FE5655811DB7AEF9007109A5 /* Layout_Project.xcdatamodel */,
			);
			currentVersion = FE5655811DB7AEF9007109A5 /* Layout_Project.xcdatamodel */;
			path = Layout_Project.xcdatamodeld;
			sourceTree = "<group>";
			versionGroupType = wrapper.xcdatamodel;
		};
/* End XCVersionGroup section */
	};
	rootObject = FE56556E1DB7AEF9007109A5 /* Project object */;
}
